
Microsoft Visual Studio Solution File, Format Version 12.00
# Visual Studio Version 16
VisualStudioVersion = 16.0.30621.155
MinimumVisualStudioVersion = 10.0.40219.1
Project("{9A19103F-16F7-4668-BE54-9A1E7A4F7556}") = "CareerCloud.Pocos", "CareerCloud.Pocos\CareerCloud.Pocos.csproj", "{2208B58D-F36A-4BAD-8EC9-482D42F675FF}"
EndProject
Project("{9A19103F-16F7-4668-BE54-9A1E7A4F7556}") = "CareerCloudCore.UnitTests.Assignment1", "..\CareerCloudCore.UnitTests.Assignment1\CareerCloudCore.UnitTests.Assignment1.csproj", "{3494FFBF-7E12-411F-8196-952A97512667}"
EndProject
Project("{9A19103F-16F7-4668-BE54-9A1E7A4F7556}") = "CareerCloudCore.UnitTests.Assignment2", "..\CareerCloudCore.UnitTests.Assignment2-master\CareerCloudCore.UnitTests.Assignment2.csproj", "{788728D5-0392-4B8A-9FF3-0C9716C05386}"
EndProject
Project("{9A19103F-16F7-4668-BE54-9A1E7A4F7556}") = "CareerCloud.DataAccessLayer", "CareerCloud.DataAccessLayer\CareerCloud.DataAccessLayer.csproj", "{E4772A10-B662-4A82-8939-2A2F3403F782}"
EndProject
Project("{9A19103F-16F7-4668-BE54-9A1E7A4F7556}") = "CareerCloud.ADODataAccessLayer", "CareerCloud.ADODataAccessLayer\CareerCloud.ADODataAccessLayer.csproj", "{6B625B90-F1EA-4B43-845B-ACB6EF896270}"
EndProject
Global
	GlobalSection(SolutionConfigurationPlatforms) = preSolution
		Debug|Any CPU = Debug|Any CPU
		Release|Any CPU = Release|Any CPU
	EndGlobalSection
	GlobalSection(ProjectConfigurationPlatforms) = postSolution
		{2208B58D-F36A-4BAD-8EC9-482D42F675FF}.Debug|Any CPU.ActiveCfg = Debug|Any CPU
		{2208B58D-F36A-4BAD-8EC9-482D42F675FF}.Debug|Any CPU.Build.0 = Debug|Any CPU
		{2208B58D-F36A-4BAD-8EC9-482D42F675FF}.Release|Any CPU.ActiveCfg = Release|Any CPU
		{2208B58D-F36A-4BAD-8EC9-482D42F675FF}.Release|Any CPU.Build.0 = Release|Any CPU
		{3494FFBF-7E12-411F-8196-952A97512667}.Debug|Any CPU.ActiveCfg = Debug|Any CPU
		{3494FFBF-7E12-411F-8196-952A97512667}.Debug|Any CPU.Build.0 = Debug|Any CPU
		{3494FFBF-7E12-411F-8196-952A97512667}.Release|Any CPU.ActiveCfg = Release|Any CPU
		{3494FFBF-7E12-411F-8196-952A97512667}.Release|Any CPU.Build.0 = Release|Any CPU
		{788728D5-0392-4B8A-9FF3-0C9716C05386}.Debug|Any CPU.ActiveCfg = Debug|Any CPU
		{788728D5-0392-4B8A-9FF3-0C9716C05386}.Debug|Any CPU.Build.0 = Debug|Any CPU
		{788728D5-0392-4B8A-9FF3-0C9716C05386}.Release|Any CPU.ActiveCfg = Release|Any CPU
		{788728D5-0392-4B8A-9FF3-0C9716C05386}.Release|Any CPU.Build.0 = Release|Any CPU
		{E4772A10-B662-4A82-8939-2A2F3403F782}.Debug|Any CPU.ActiveCfg = Debug|Any CPU
		{E4772A10-B662-4A82-8939-2A2F3403F782}.Debug|Any CPU.Build.0 = Debug|Any CPU
		{E4772A10-B662-4A82-8939-2A2F3403F782}.Release|Any CPU.ActiveCfg = Release|Any CPU
		{E4772A10-B662-4A82-8939-2A2F3403F782}.Release|Any CPU.Build.0 = Release|Any CPU
		{6B625B90-F1EA-4B43-845B-ACB6EF896270}.Debug|Any CPU.ActiveCfg = Debug|Any CPU
		{6B625B90-F1EA-4B43-845B-ACB6EF896270}.Debug|Any CPU.Build.0 = Debug|Any CPU
		{6B625B90-F1EA-4B43-845B-ACB6EF896270}.Release|Any CPU.ActiveCfg = Release|Any CPU
		{6B625B90-F1EA-4B43-845B-ACB6EF896270}.Release|Any CPU.Build.0 = Release|Any CPU
	EndGlobalSection
	GlobalSection(SolutionProperties) = preSolution
		HideSolutionNode = FALSE
	EndGlobalSection
	GlobalSection(ExtensibilityGlobals) = postSolution
		SolutionGuid = {E4E793B7-78ED-4C8B-9429-9DA27825F33F}
	EndGlobalSection
EndGlobal
